// !$*UTF8*$!
{
	archiveVersion = 1;
	classes = {
	};
	objectVersion = 50;
	objects = {

/* Begin PBXBuildFile section */
		48D7254A21FEFB3D0099EC17 /* AppDelegate.m in Sources */ = {isa = PBXBuildFile; fileRef = 48D7254921FEFB3D0099EC17 /* AppDelegate.m */; };
		48D7254D21FEFB3D0099EC17 /* ViewController.m in Sources */ = {isa = PBXBuildFile; fileRef = 48D7254C21FEFB3D0099EC17 /* ViewController.m */; };
		48D7255021FEFB3D0099EC17 /* Main.storyboard in Resources */ = {isa = PBXBuildFile; fileRef = 48D7254E21FEFB3D0099EC17 /* Main.storyboard */; };
		48D7255221FEFB3F0099EC17 /* Assets.xcassets in Resources */ = {isa = PBXBuildFile; fileRef = 48D7255121FEFB3F0099EC17 /* Assets.xcassets */; };
		48D7255521FEFB3F0099EC17 /* LaunchScreen.storyboard in Resources */ = {isa = PBXBuildFile; fileRef = 48D7255321FEFB3F0099EC17 /* LaunchScreen.storyboard */; };
		48D7255821FEFB3F0099EC17 /* main.m in Sources */ = {isa = PBXBuildFile; fileRef = 48D7255721FEFB3F0099EC17 /* main.m */; };
		48D7256221FEFB3F0099EC17 /* AF_TESTTests.m in Sources */ = {isa = PBXBuildFile; fileRef = 48D7256121FEFB3F0099EC17 /* AF_TESTTests.m */; };
		48D7256D21FEFB400099EC17 /* AF_TESTUITests.m in Sources */ = {isa = PBXBuildFile; fileRef = 48D7256C21FEFB400099EC17 /* AF_TESTUITests.m */; };
		48D7257C21FEFB600099EC17 /* MLInputStream.m in Sources */ = {isa = PBXBuildFile; fileRef = 48D7257B21FEFB600099EC17 /* MLInputStream.m */; };
/* End PBXBuildFile section */

/* Begin PBXContainerItemProxy section */
		48D7255E21FEFB3F0099EC17 /* PBXContainerItemProxy */ = {
			isa = PBXContainerItemProxy;
			containerPortal = 48D7253D21FEFB3D0099EC17 /* Project object */;
			proxyType = 1;
			remoteGlobalIDString = 48D7254421FEFB3D0099EC17;
			remoteInfo = "AF-TEST";
		};
		48D7256921FEFB400099EC17 /* PBXContainerItemProxy */ = {
			isa = PBXContainerItemProxy;
			containerPortal = 48D7253D21FEFB3D0099EC17 /* Project object */;
			proxyType = 1;
			remoteGlobalIDString = 48D7254421FEFB3D0099EC17;
			remoteInfo = "AF-TEST";
		};
/* End PBXContainerItemProxy section */

/* Begin PBXFileReference section */
		48D7254521FEFB3D0099EC17 /* AF-TEST.app */ = {isa = PBXFileReference; explicitFileType = wrapper.application; includeInIndex = 0; path = "AF-TEST.app"; sourceTree = BUILT_PRODUCTS_DIR; };
		48D7254821FEFB3D0099EC17 /* AppDelegate.h */ = {isa = PBXFileReference; lastKnownFileType = sourcecode.c.h; path = AppDelegate.h; sourceTree = "<group>"; };
		48D7254921FEFB3D0099EC17 /* AppDelegate.m */ = {isa = PBXFileReference; lastKnownFileType = sourcecode.c.objc; path = AppDelegate.m; sourceTree = "<group>"; };
		48D7254B21FEFB3D0099EC17 /* ViewController.h */ = {isa = PBXFileReference; lastKnownFileType = sourcecode.c.h; path = ViewController.h; sourceTree = "<group>"; };
		48D7254C21FEFB3D0099EC17 /* ViewController.m */ = {isa = PBXFileReference; lastKnownFileType = sourcecode.c.objc; path = ViewController.m; sourceTree = "<group>"; };
		48D7254F21FEFB3D0099EC17 /* Base */ = {isa = PBXFileReference; lastKnownFileType = file.storyboard; name = Base; path = Base.lproj/Main.storyboard; sourceTree = "<group>"; };
		48D7255121FEFB3F0099EC17 /* Assets.xcassets */ = {isa = PBXFileReference; lastKnownFileType = folder.assetcatalog; path = Assets.xcassets; sourceTree = "<group>"; };
		48D7255421FEFB3F0099EC17 /* Base */ = {isa = PBXFileReference; lastKnownFileType = file.storyboard; name = Base; path = Base.lproj/LaunchScreen.storyboard; sourceTree = "<group>"; };
		48D7255621FEFB3F0099EC17 /* Info.plist */ = {isa = PBXFileReference; lastKnownFileType = text.plist.xml; path = Info.plist; sourceTree = "<group>"; };
		48D7255721FEFB3F0099EC17 /* main.m */ = {isa = PBXFileReference; lastKnownFileType = sourcecode.c.objc; path = main.m; sourceTree = "<group>"; };
		48D7255D21FEFB3F0099EC17 /* AF-TESTTests.xctest */ = {isa = PBXFileReference; explicitFileType = wrapper.cfbundle; includeInIndex = 0; path = "AF-TESTTests.xctest"; sourceTree = BUILT_PRODUCTS_DIR; };
		48D7256121FEFB3F0099EC17 /* AF_TESTTests.m */ = {isa = PBXFileReference; lastKnownFileType = sourcecode.c.objc; path = AF_TESTTests.m; sourceTree = "<group>"; };
		48D7256321FEFB400099EC17 /* Info.plist */ = {isa = PBXFileReference; lastKnownFileType = text.plist.xml; path = Info.plist; sourceTree = "<group>"; };
		48D7256821FEFB400099EC17 /* AF-TESTUITests.xctest */ = {isa = PBXFileReference; explicitFileType = wrapper.cfbundle; includeInIndex = 0; path = "AF-TESTUITests.xctest"; sourceTree = BUILT_PRODUCTS_DIR; };
		48D7256C21FEFB400099EC17 /* AF_TESTUITests.m */ = {isa = PBXFileReference; lastKnownFileType = sourcecode.c.objc; path = AF_TESTUITests.m; sourceTree = "<group>"; };
		48D7256E21FEFB400099EC17 /* Info.plist */ = {isa = PBXFileReference; lastKnownFileType = text.plist.xml; path = Info.plist; sourceTree = "<group>"; };
		48D7257A21FEFB600099EC17 /* MLInputStream.h */ = {isa = PBXFileReference; lastKnownFileType = sourcecode.c.h; path = MLInputStream.h; sourceTree = "<group>"; };
		48D7257B21FEFB600099EC17 /* MLInputStream.m */ = {isa = PBXFileReference; lastKnownFileType = sourcecode.c.objc; path = MLInputStream.m; sourceTree = "<group>"; };
/* End PBXFileReference section */

/* Begin PBXFrameworksBuildPhase section */
		48D7254221FEFB3D0099EC17 /* Frameworks */ = {
			isa = PBXFrameworksBuildPhase;
			buildActionMask = 2147483647;
			files = (
			);
			runOnlyForDeploymentPostprocessing = 0;
		};
		48D7255A21FEFB3F0099EC17 /* Frameworks */ = {
			isa = PBXFrameworksBuildPhase;
			buildActionMask = 2147483647;
			files = (
			);
			runOnlyForDeploymentPostprocessing = 0;
		};
		48D7256521FEFB400099EC17 /* Frameworks */ = {
			isa = PBXFrameworksBuildPhase;
			buildActionMask = 2147483647;
			files = (
			);
			runOnlyForDeploymentPostprocessing = 0;
		};
/* End PBXFrameworksBuildPhase section */

/* Begin PBXGroup section */
		48D7253C21FEFB3D0099EC17 = {
			isa = PBXGroup;
			children = (
				48D7254721FEFB3D0099EC17 /* AF-TEST */,
				48D7256021FEFB3F0099EC17 /* AF-TESTTests */,
				48D7256B21FEFB400099EC17 /* AF-TESTUITests */,
				48D7254621FEFB3D0099EC17 /* Products */,
			);
			sourceTree = "<group>";
		};
		48D7254621FEFB3D0099EC17 /* Products */ = {
			isa = PBXGroup;
			children = (
				48D7254521FEFB3D0099EC17 /* AF-TEST.app */,
				48D7255D21FEFB3F0099EC17 /* AF-TESTTests.xctest */,
				48D7256821FEFB400099EC17 /* AF-TESTUITests.xctest */,
			);
			name = Products;
			sourceTree = "<group>";
		};
		48D7254721FEFB3D0099EC17 /* AF-TEST */ = {
			isa = PBXGroup;
			children = (
				48D7254821FEFB3D0099EC17 /* AppDelegate.h */,
				48D7254921FEFB3D0099EC17 /* AppDelegate.m */,
				48D7254B21FEFB3D0099EC17 /* ViewController.h */,
				48D7254C21FEFB3D0099EC17 /* ViewController.m */,
				48D7254E21FEFB3D0099EC17 /* Main.storyboard */,
				48D7255121FEFB3F0099EC17 /* Assets.xcassets */,
				48D7255321FEFB3F0099EC17 /* LaunchScreen.storyboard */,
				48D7255621FEFB3F0099EC17 /* Info.plist */,
				48D7255721FEFB3F0099EC17 /* main.m */,
				48D7257A21FEFB600099EC17 /* MLInputStream.h */,
				48D7257B21FEFB600099EC17 /* MLInputStream.m */,
			);
			path = "AF-TEST";
			sourceTree = "<group>";
		};
		48D7256021FEFB3F0099EC17 /* AF-TESTTests */ = {
			isa = PBXGroup;
			children = (
				48D7256121FEFB3F0099EC17 /* AF_TESTTests.m */,
				48D7256321FEFB400099EC17 /* Info.plist */,
			);
			path = "AF-TESTTests";
			sourceTree = "<group>";
		};
		48D7256B21FEFB400099EC17 /* AF-TESTUITests */ = {
			isa = PBXGroup;
			children = (
				48D7256C21FEFB400099EC17 /* AF_TESTUITests.m */,
				48D7256E21FEFB400099EC17 /* Info.plist */,
			);
			path = "AF-TESTUITests";
			sourceTree = "<group>";
		};
/* End PBXGroup section */

/* Begin PBXNativeTarget section */
		48D7254421FEFB3D0099EC17 /* AF-TEST */ = {
			isa = PBXNativeTarget;
			buildConfigurationList = 48D7257121FEFB400099EC17 /* Build configuration list for PBXNativeTarget "AF-TEST" */;
			buildPhases = (
				48D7254121FEFB3D0099EC17 /* Sources */,
				48D7254221FEFB3D0099EC17 /* Frameworks */,
				48D7254321FEFB3D0099EC17 /* Resources */,
			);
			buildRules = (
			);
			dependencies = (
			);
			name = "AF-TEST";
			productName = "AF-TEST";
			productReference = 48D7254521FEFB3D0099EC17 /* AF-TEST.app */;
			productType = "com.apple.product-type.application";
		};
		48D7255C21FEFB3F0099EC17 /* AF-TESTTests */ = {
			isa = PBXNativeTarget;
			buildConfigurationList = 48D7257421FEFB400099EC17 /* Build configuration list for PBXNativeTarget "AF-TESTTests" */;
			buildPhases = (
				48D7255921FEFB3F0099EC17 /* Sources */,
				48D7255A21FEFB3F0099EC17 /* Frameworks */,
				48D7255B21FEFB3F0099EC17 /* Resources */,
			);
			buildRules = (
			);
			dependencies = (
				48D7255F21FEFB3F0099EC17 /* PBXTargetDependency */,
			);
			name = "AF-TESTTests";
			productName = "AF-TESTTests";
			productReference = 48D7255D21FEFB3F0099EC17 /* AF-TESTTests.xctest */;
			productType = "com.apple.product-type.bundle.unit-test";
		};
		48D7256721FEFB400099EC17 /* AF-TESTUITests */ = {
			isa = PBXNativeTarget;
			buildConfigurationList = 48D7257721FEFB400099EC17 /* Build configuration list for PBXNativeTarget "AF-TESTUITests" */;
			buildPhases = (
				48D7256421FEFB400099EC17 /* Sources */,
				48D7256521FEFB400099EC17 /* Frameworks */,
				48D7256621FEFB400099EC17 /* Resources */,
			);
			buildRules = (
			);
			dependencies = (
				48D7256A21FEFB400099EC17 /* PBXTargetDependency */,
			);
			name = "AF-TESTUITests";
			productName = "AF-TESTUITests";
			productReference = 48D7256821FEFB400099EC17 /* AF-TESTUITests.xctest */;
			productType = "com.apple.product-type.bundle.ui-testing";
		};
/* End PBXNativeTarget section */

/* Begin PBXProject section */
		48D7253D21FEFB3D0099EC17 /* Project object */ = {
			isa = PBXProject;
			attributes = {
				LastUpgradeCheck = 1010;
				ORGANIZATIONNAME = "ML Day";
				TargetAttributes = {
					48D7254421FEFB3D0099EC17 = {
						CreatedOnToolsVersion = 10.1;
					};
					48D7255C21FEFB3F0099EC17 = {
						CreatedOnToolsVersion = 10.1;
						TestTargetID = 48D7254421FEFB3D0099EC17;
					};
					48D7256721FEFB400099EC17 = {
						CreatedOnToolsVersion = 10.1;
						TestTargetID = 48D7254421FEFB3D0099EC17;
					};
				};
			};
			buildConfigurationList = 48D7254021FEFB3D0099EC17 /* Build configuration list for PBXProject "AF-TEST" */;
			compatibilityVersion = "Xcode 9.3";
			developmentRegion = en;
			hasScannedForEncodings = 0;
			knownRegions = (
				en,
				Base,
			);
			mainGroup = 48D7253C21FEFB3D0099EC17;
			productRefGroup = 48D7254621FEFB3D0099EC17 /* Products */;
			projectDirPath = "";
			projectRoot = "";
			targets = (
				48D7254421FEFB3D0099EC17 /* AF-TEST */,
				48D7255C21FEFB3F0099EC17 /* AF-TESTTests */,
				48D7256721FEFB400099EC17 /* AF-TESTUITests */,
			);
		};
/* End PBXProject section */

/* Begin PBXResourcesBuildPhase section */
		48D7254321FEFB3D0099EC17 /* Resources */ = {
			isa = PBXResourcesBuildPhase;
			buildActionMask = 2147483647;
			files = (
				48D7255521FEFB3F0099EC17 /* LaunchScreen.storyboard in Resources */,
				48D7255221FEFB3F0099EC17 /* Assets.xcassets in Resources */,
				48D7255021FEFB3D0099EC17 /* Main.storyboard in Resources */,
			);
			runOnlyForDeploymentPostprocessing = 0;
		};
		48D7255B21FEFB3F0099EC17 /* Resources */ = {
			isa = PBXResourcesBuildPhase;
			buildActionMask = 2147483647;
			files = (
			);
			runOnlyForDeploymentPostprocessing = 0;
		};
		48D7256621FEFB400099EC17 /* Resources */ = {
			isa = PBXResourcesBuildPhase;
			buildActionMask = 2147483647;
			files = (
			);
			runOnlyForDeploymentPostprocessing = 0;
		};
/* End PBXResourcesBuildPhase section */

/* Begin PBXSourcesBuildPhase section */
		48D7254121FEFB3D0099EC17 /* Sources */ = {
			isa = PBXSourcesBuildPhase;
			buildActionMask = 2147483647;
			files = (
				48D7254D21FEFB3D0099EC17 /* ViewController.m in Sources */,
				48D7255821FEFB3F0099EC17 /* main.m in Sources */,
				48D7254A21FEFB3D0099EC17 /* AppDelegate.m in Sources */,
				48D7257C21FEFB600099EC17 /* MLInputStream.m in Sources */,
			);
			runOnlyForDeploymentPostprocessing = 0;
		};
		48D7255921FEFB3F0099EC17 /* Sources */ = {
			isa = PBXSourcesBuildPhase;
			buildActionMask = 2147483647;
			files = (
				48D7256221FEFB3F0099EC17 /* AF_TESTTests.m in Sources */,
			);
			runOnlyForDeploymentPostprocessing = 0;
		};
		48D7256421FEFB400099EC17 /* Sources */ = {
			isa = PBXSourcesBuildPhase;
			buildActionMask = 2147483647;
			files = (
				48D7256D21FEFB400099EC17 /* AF_TESTUITests.m in Sources */,
			);
			runOnlyForDeploymentPostprocessing = 0;
		};
/* End PBXSourcesBuildPhase section */

/* Begin PBXTargetDependency section */
		48D7255F21FEFB3F0099EC17 /* PBXTargetDependency */ = {
			isa = PBXTargetDependency;
			target = 48D7254421FEFB3D0099EC17 /* AF-TEST */;
			targetProxy = 48D7255E21FEFB3F0099EC17 /* PBXContainerItemProxy */;
		};
		48D7256A21FEFB400099EC17 /* PBXTargetDependency */ = {
			isa = PBXTargetDependency;
			target = 48D7254421FEFB3D0099EC17 /* AF-TEST */;
			targetProxy = 48D7256921FEFB400099EC17 /* PBXContainerItemProxy */;
		};
/* End PBXTargetDependency section */

/* Begin PBXVariantGroup section */
		48D7254E21FEFB3D0099EC17 /* Main.storyboard */ = {
			isa = PBXVariantGroup;
			children = (
				48D7254F21FEFB3D0099EC17 /* Base */,
			);
			name = Main.storyboard;
			sourceTree = "<group>";
		};
		48D7255321FEFB3F0099EC17 /* LaunchScreen.storyboard */ = {
			isa = PBXVariantGroup;
			children = (
				48D7255421FEFB3F0099EC17 /* Base */,
			);
			name = LaunchScreen.storyboard;
			sourceTree = "<group>";
		};
/* End PBXVariantGroup section */

/* Begin XCBuildConfiguration section */
		48D7256F21FEFB400099EC17 /* Debug */ = {
			isa = XCBuildConfiguration;
			buildSettings = {
				ALWAYS_SEARCH_USER_PATHS = NO;
				CLANG_ANALYZER_NONNULL = YES;
				CLANG_ANALYZER_NUMBER_OBJECT_CONVERSION = YES_AGGRESSIVE;
				CLANG_CXX_LANGUAGE_STANDARD = "gnu++14";
				CLANG_CXX_LIBRARY = "libc++";
				CLANG_ENABLE_MODULES = YES;
				CLANG_ENABLE_OBJC_ARC = YES;
				CLANG_ENABLE_OBJC_WEAK = YES;
				CLANG_WARN_BLOCK_CAPTURE_AUTORELEASING = YES;
				CLANG_WARN_BOOL_CONVERSION = YES;
				CLANG_WARN_COMMA = YES;
				CLANG_WARN_CONSTANT_CONVERSION = YES;
				CLANG_WARN_DEPRECATED_OBJC_IMPLEMENTATIONS = YES;
				CLANG_WARN_DIRECT_OBJC_ISA_USAGE = YES_ERROR;
				CLANG_WARN_DOCUMENTATION_COMMENTS = YES;
				CLANG_WARN_EMPTY_BODY = YES;
				CLANG_WARN_ENUM_CONVERSION = YES;
				CLANG_WARN_INFINITE_RECURSION = YES;
				CLANG_WARN_INT_CONVERSION = YES;
				CLANG_WARN_NON_LITERAL_NULL_CONVERSION = YES;
				CLANG_WARN_OBJC_IMPLICIT_RETAIN_SELF = YES;
				CLANG_WARN_OBJC_LITERAL_CONVERSION = YES;
				CLANG_WARN_OBJC_ROOT_CLASS = YES_ERROR;
				CLANG_WARN_RANGE_LOOP_ANALYSIS = YES;
				CLANG_WARN_STRICT_PROTOTYPES = YES;
				CLANG_WARN_SUSPICIOUS_MOVE = YES;
				CLANG_WARN_UNGUARDED_AVAILABILITY = YES_AGGRESSIVE;
				CLANG_WARN_UNREACHABLE_CODE = YES;
				CLANG_WARN__DUPLICATE_METHOD_MATCH = YES;
				CODE_SIGN_IDENTITY = "iPhone Developer";
				COPY_PHASE_STRIP = NO;
				DEBUG_INFORMATION_FORMAT = dwarf;
				ENABLE_STRICT_OBJC_MSGSEND = YES;
				ENABLE_TESTABILITY = YES;
				GCC_C_LANGUAGE_STANDARD = gnu11;
				GCC_DYNAMIC_NO_PIC = NO;
				GCC_NO_COMMON_BLOCKS = YES;
				GCC_OPTIMIZATION_LEVEL = 0;
				GCC_PREPROCESSOR_DEFINITIONS = (
					"DEBUG=1",
					"$(inherited)",
				);
				GCC_WARN_64_TO_32_BIT_CONVERSION = YES;
				GCC_WARN_ABOUT_RETURN_TYPE = YES_ERROR;
				GCC_WARN_UNDECLARED_SELECTOR = YES;
				GCC_WARN_UNINITIALIZED_AUTOS = YES_AGGRESSIVE;
				GCC_WARN_UNUSED_FUNCTION = YES;
				GCC_WARN_UNUSED_VARIABLE = YES;
				IPHONEOS_DEPLOYMENT_TARGET = 12.1;
				MTL_ENABLE_DEBUG_INFO = INCLUDE_SOURCE;
				MTL_FAST_MATH = YES;
				ONLY_ACTIVE_ARCH = YES;
				SDKROOT = iphoneos;
			};
			name = Debug;
		};
		48D7257021FEFB400099EC17 /* Release */ = {
			isa = XCBuildConfiguration;
			buildSettings = {
				ALWAYS_SEARCH_USER_PATHS = NO;
				CLANG_ANALYZER_NONNULL = YES;
				CLANG_ANALYZER_NUMBER_OBJECT_CONVERSION = YES_AGGRESSIVE;
				CLANG_CXX_LANGUAGE_STANDARD = "gnu++14";
				CLANG_CXX_LIBRARY = "libc++";
				CLANG_ENABLE_MODULES = YES;
				CLANG_ENABLE_OBJC_ARC = YES;
				CLANG_ENABLE_OBJC_WEAK = YES;
				CLANG_WARN_BLOCK_CAPTURE_AUTORELEASING = YES;
				CLANG_WARN_BOOL_CONVERSION = YES;
				CLANG_WARN_COMMA = YES;
				CLANG_WARN_CONSTANT_CONVERSION = YES;
				CLANG_WARN_DEPRECATED_OBJC_IMPLEMENTATIONS = YES;
				CLANG_WARN_DIRECT_OBJC_ISA_USAGE = YES_ERROR;
				CLANG_WARN_DOCUMENTATION_COMMENTS = YES;
				CLANG_WARN_EMPTY_BODY = YES;
				CLANG_WARN_ENUM_CONVERSION = YES;
				CLANG_WARN_INFINITE_RECURSION = YES;
				CLANG_WARN_INT_CONVERSION = YES;
				CLANG_WARN_NON_LITERAL_NULL_CONVERSION = YES;
				CLANG_WARN_OBJC_IMPLICIT_RETAIN_SELF = YES;
				CLANG_WARN_OBJC_LITERAL_CONVERSION = YES;
				CLANG_WARN_OBJC_ROOT_CLASS = YES_ERROR;
				CLANG_WARN_RANGE_LOOP_ANALYSIS = YES;
				CLANG_WARN_STRICT_PROTOTYPES = YES;
				CLANG_WARN_SUSPICIOUS_MOVE = YES;
				CLANG_WARN_UNGUARDED_AVAILABILITY = YES_AGGRESSIVE;
				CLANG_WARN_UNREACHABLE_CODE = YES;
				CLANG_WARN__DUPLICATE_METHOD_MATCH = YES;
				CODE_SIGN_IDENTITY = "iPhone Developer";
				COPY_PHASE_STRIP = NO;
				DEBUG_INFORMATION_FORMAT = "dwarf-with-dsym";
				ENABLE_NS_ASSERTIONS = NO;
				ENABLE_STRICT_OBJC_MSGSEND = YES;
				GCC_C_LANGUAGE_STANDARD = gnu11;
				GCC_NO_COMMON_BLOCKS = YES;
				GCC_WARN_64_TO_32_BIT_CONVERSION = YES;
				GCC_WARN_ABOUT_RETURN_TYPE = YES_ERROR;
				GCC_WARN_UNDECLARED_SELECTOR = YES;
				GCC_WARN_UNINITIALIZED_AUTOS = YES_AGGRESSIVE;
				GCC_WARN_UNUSED_FUNCTION = YES;
				GCC_WARN_UNUSED_VARIABLE = YES;
				IPHONEOS_DEPLOYMENT_TARGET = 12.1;
				MTL_ENABLE_DEBUG_INFO = NO;
				MTL_FAST_MATH = YES;
				SDKROOT = iphoneos;
				VALIDATE_PRODUCT = YES;
			};
			name = Release;
		};
		48D7257221FEFB400099EC17 /* Debug */ = {
			isa = XCBuildConfiguration;
			buildSettings = {
				ASSETCATALOG_COMPILER_APPICON_NAME = AppIcon;
				CODE_SIGN_STYLE = Automatic;
				DEVELOPMENT_TEAM = 5W9RQLHQL4;
				INFOPLIST_FILE = "AF-TEST/Info.plist";
				LD_RUNPATH_SEARCH_PATHS = (
					"$(inherited)",
					"@executable_path/Frameworks",
				);
				PRODUCT_BUNDLE_IDENTIFIER = "ML-Day.AF-TEST";
				PRODUCT_NAME = "$(TARGET_NAME)";
				TARGETED_DEVICE_FAMILY = "1,2";
			};
			name = Debug;
		};
		48D7257321FEFB400099EC17 /* Release */ = {
			isa = XCBuildConfiguration;
			buildSettings = {
				ASSETCATALOG_COMPILER_APPICON_NAME = AppIcon;
				CODE_SIGN_STYLE = Automatic;
				DEVELOPMENT_TEAM = 5W9RQLHQL4;
				INFOPLIST_FILE = "AF-TEST/Info.plist";
				LD_RUNPATH_SEARCH_PATHS = (
					"$(inherited)",
					"@executable_path/Frameworks",
				);
				PRODUCT_BUNDLE_IDENTIFIER = "ML-Day.AF-TEST";
				PRODUCT_NAME = "$(TARGET_NAME)";
				TARGETED_DEVICE_FAMILY = "1,2";
			};
			name = Release;
		};
		48D7257521FEFB400099EC17 /* Debug */ = {
			isa = XCBuildConfiguration;
			buildSettings = {
				BUNDLE_LOADER = "$(TEST_HOST)";
				CODE_SIGN_STYLE = Automatic;
				DEVELOPMENT_TEAM = 5W9RQLHQL4;
				INFOPLIST_FILE = "AF-TESTTests/Info.plist";
				LD_RUNPATH_SEARCH_PATHS = (
					"$(inherited)",
					"@executable_path/Frameworks",
					"@loader_path/Frameworks",
				);
				PRODUCT_BUNDLE_IDENTIFIER = "ML-Day.AF-TESTTests";
				PRODUCT_NAME = "$(TARGET_NAME)";
				TARGETED_DEVICE_FAMILY = "1,2";
				TEST_HOST = "$(BUILT_PRODUCTS_DIR)/AF-TEST.app/AF-TEST";
			};
			name = Debug;
		};
		48D7257621FEFB400099EC17 /* Release */ = {
			isa = XCBuildConfiguration;
			buildSettings = {
				BUNDLE_LOADER = "$(TEST_HOST)";
				CODE_SIGN_STYLE = Automatic;
				DEVELOPMENT_TEAM = 5W9RQLHQL4;
				INFOPLIST_FILE = "AF-TESTTests/Info.plist";
				LD_RUNPATH_SEARCH_PATHS = (
					"$(inherited)",
					"@executable_path/Frameworks",
					"@loader_path/Frameworks",
				);
				PRODUCT_BUNDLE_IDENTIFIER = "ML-Day.AF-TESTTests";
				PRODUCT_NAME = "$(TARGET_NAME)";
				TARGETED_DEVICE_FAMILY = "1,2";
				TEST_HOST = "$(BUILT_PRODUCTS_DIR)/AF-TEST.app/AF-TEST";
			};
			name = Release;
		};
		48D7257821FEFB400099EC17 /* Debug */ = {
			isa = XCBuildConfiguration;
			buildSettings = {
				CODE_SIGN_STYLE = Automatic;
				DEVELOPMENT_TEAM = 5W9RQLHQL4;
				INFOPLIST_FILE = "AF-TESTUITests/Info.plist";
				LD_RUNPATH_SEARCH_PATHS = (
					"$(inherited)",
					"@executable_path/Frameworks",
					"@loader_path/Frameworks",
				);
				PRODUCT_BUNDLE_IDENTIFIER = "ML-Day.AF-TESTUITests";
				PRODUCT_NAME = "$(TARGET_NAME)";
				TARGETED_DEVICE_FAMILY = "1,2";
				TEST_TARGET_NAME = "AF-TEST";
			};
			name = Debug;
		};
		48D7257921FEFB400099EC17 /* Release */ = {
			isa = XCBuildConfiguration;
			buildSettings = {
				CODE_SIGN_STYLE = Automatic;
				DEVELOPMENT_TEAM = 5W9RQLHQL4;
				INFOPLIST_FILE = "AF-TESTUITests/Info.plist";
				LD_RUNPATH_SEARCH_PATHS = (
					"$(inherited)",
					"@executable_path/Frameworks",
					"@loader_path/Frameworks",
				);
				PRODUCT_BUNDLE_IDENTIFIER = "ML-Day.AF-TESTUITests";
				PRODUCT_NAME = "$(TARGET_NAME)";
				TARGETED_DEVICE_FAMILY = "1,2";
				TEST_TARGET_NAME = "AF-TEST";
			};
			name = Release;
		};
/* End XCBuildConfiguration section */

/* Begin XCConfigurationList section */
		48D7254021FEFB3D0099EC17 /* Build configuration list for PBXProject "AF-TEST" */ = {
			isa = XCConfigurationList;
			buildConfigurations = (
				48D7256F21FEFB400099EC17 /* Debug */,
				48D7257021FEFB400099EC17 /* Release */,
			);
			defaultConfigurationIsVisible = 0;
			defaultConfigurationName = Release;
		};
		48D7257121FEFB400099EC17 /* Build configuration list for PBXNativeTarget "AF-TEST" */ = {
			isa = XCConfigurationList;
			buildConfigurations = (
				48D7257221FEFB400099EC17 /* Debug */,
				48D7257321FEFB400099EC17 /* Release */,
			);
			defaultConfigurationIsVisible = 0;
			defaultConfigurationName = Release;
		};
		48D7257421FEFB400099EC17 /* Build configuration list for PBXNativeTarget "AF-TESTTests" */ = {
			isa = XCConfigurationList;
			buildConfigurations = (
				48D7257521FEFB400099EC17 /* Debug */,
				48D7257621FEFB400099EC17 /* Release */,
			);
			defaultConfigurationIsVisible = 0;
			defaultConfigurationName = Release;
		};
		48D7257721FEFB400099EC17 /* Build configuration list for PBXNativeTarget "AF-TESTUITests" */ = {
			isa = XCConfigurationList;
			buildConfigurations = (
				48D7257821FEFB400099EC17 /* Debug */,
				48D7257921FEFB400099EC17 /* Release */,
			);
			defaultConfigurationIsVisible = 0;
			defaultConfigurationName = Release;
		};
/* End XCConfigurationList section */
	};
	rootObject = 48D7253D21FEFB3D0099EC17 /* Project object */;
}
